
Microsoft Visual Studio Solution File, Format Version 12.00
# Visual Studio Version 17
VisualStudioVersion = 17.10.35122.118
MinimumVisualStudioVersion = 10.0.40219.1
Project("{FAE04EC0-301F-11D3-BF4B-00C04F79EFBC}") = "ConsoleApp1", "ConsoleApp1\ConsoleApp1.csproj", "{D991DD40-E2C7-45B2-8A04-A2C714E448EC}"
EndProject
Project("{9A19103F-16F7-4668-BE54-9A1E7A4F7556}") = "test1", "test1\test1.csproj", "{F70F528F-9636-42CA-B430-1762A6884C09}"
EndProject
Project("{FAE04EC0-301F-11D3-BF4B-00C04F79EFBC}") = "ScanID", "ScanID\ScanID.csproj", "{E0E088EE-1356-4A99-9329-430A66A4C9FB}"
EndProject
Project("{8BC9CEB8-8B4A-11D0-8D11-00A0C91BC942}") = "DlibDn47", "DlibDn47\DlibDn47.vcxproj", "{6853C613-B7A0-49A0-9815-F59DAF85AC95}"
EndProject
Project("{8BC9CEB8-8B4A-11D0-8D11-00A0C91BC942}") = "DlibWrapper", "DlibWrapper\DlibWrapper.vcxproj", "{0CAE6200-3A66-419C-BF61-95BE91CC4E9F}"
EndProject
Project("{FAE04EC0-301F-11D3-BF4B-00C04F79EFBC}") = "test2", "test2\test2.csproj", "{BFBE2797-273E-4E25-8322-A7EFA490F790}"
EndProject
Project("{8BC9CEB8-8B4A-11D0-8D11-00A0C91BC942}") = "ImgProcLib", "ImgProcLib\ImgProcLib.vcxproj", "{01B3BDCF-7604-4D1D-8FCF-CDBC6C66C4BC}"
EndProject
Project("{FAE04EC0-301F-11D3-BF4B-00C04F79EFBC}") = "ScanIDWebApi", "ScanIDWebApi\ScanIDWebApi.csproj", "{8085438F-7A9F-4C4B-AB7C-477147D70CAA}"
EndProject
Project("{FAE04EC0-301F-11D3-BF4B-00C04F79EFBC}") = "ConsoleAppDn8", "ConsoleAppDn8\ConsoleAppDn8.csproj", "{95BDC7BA-27BC-4998-9071-C6779D09E1BD}"
EndProject
Project("{8BC9CEB8-8B4A-11D0-8D11-00A0C91BC942}") = "OpenCVWrapper", "OpenCVWrapper\OpenCVWrapper.vcxproj", "{617D515F-5CFC-4CA0-9140-8BD127C61E18}"
EndProject
Project("{FAE04EC0-301F-11D3-BF4B-00C04F79EFBC}") = "LibImportDn8", "LibImportDn8\LibImportDn8.csproj", "{806CEEF6-0F35-46B2-9F9B-086BBCC416E5}"
EndProject
Project("{FAE04EC0-301F-11D3-BF4B-00C04F79EFBC}") = "ScanIDNetCore", "ScanIDNetCore\ScanIDNetCore.csproj", "{BD7675AF-9EEC-467B-988E-A6F97D39FB3E}"
EndProject
Global
	GlobalSection(SolutionConfigurationPlatforms) = preSolution
		Debug|Any CPU = Debug|Any CPU
		Debug|x64 = Debug|x64
		Debug|x86 = Debug|x86
		Release|Any CPU = Release|Any CPU
		Release|x64 = Release|x64
		Release|x86 = Release|x86
	EndGlobalSection
	GlobalSection(ProjectConfigurationPlatforms) = postSolution
		{D991DD40-E2C7-45B2-8A04-A2C714E448EC}.Debug|Any CPU.ActiveCfg = Debug|Any CPU
		{D991DD40-E2C7-45B2-8A04-A2C714E448EC}.Debug|Any CPU.Build.0 = Debug|Any CPU
		{D991DD40-E2C7-45B2-8A04-A2C714E448EC}.Debug|x64.ActiveCfg = Debug|Any CPU
		{D991DD40-E2C7-45B2-8A04-A2C714E448EC}.Debug|x64.Build.0 = Debug|Any CPU
		{D991DD40-E2C7-45B2-8A04-A2C714E448EC}.Debug|x86.ActiveCfg = Debug|Any CPU
		{D991DD40-E2C7-45B2-8A04-A2C714E448EC}.Debug|x86.Build.0 = Debug|Any CPU
		{D991DD40-E2C7-45B2-8A04-A2C714E448EC}.Release|Any CPU.ActiveCfg = Release|Any CPU
		{D991DD40-E2C7-45B2-8A04-A2C714E448EC}.Release|Any CPU.Build.0 = Release|Any CPU
		{D991DD40-E2C7-45B2-8A04-A2C714E448EC}.Release|x64.ActiveCfg = Release|Any CPU
		{D991DD40-E2C7-45B2-8A04-A2C714E448EC}.Release|x64.Build.0 = Release|Any CPU
		{D991DD40-E2C7-45B2-8A04-A2C714E448EC}.Release|x86.ActiveCfg = Release|Any CPU
		{D991DD40-E2C7-45B2-8A04-A2C714E448EC}.Release|x86.Build.0 = Release|Any CPU
		{F70F528F-9636-42CA-B430-1762A6884C09}.Debug|Any CPU.ActiveCfg = Debug|Any CPU
		{F70F528F-9636-42CA-B430-1762A6884C09}.Debug|Any CPU.Build.0 = Debug|Any CPU
		{F70F528F-9636-42CA-B430-1762A6884C09}.Debug|x64.ActiveCfg = Debug|Any CPU
		{F70F528F-9636-42CA-B430-1762A6884C09}.Debug|x64.Build.0 = Debug|Any CPU
		{F70F528F-9636-42CA-B430-1762A6884C09}.Debug|x86.ActiveCfg = Debug|Any CPU
		{F70F528F-9636-42CA-B430-1762A6884C09}.Debug|x86.Build.0 = Debug|Any CPU
		{F70F528F-9636-42CA-B430-1762A6884C09}.Release|Any CPU.ActiveCfg = Release|Any CPU
		{F70F528F-9636-42CA-B430-1762A6884C09}.Release|Any CPU.Build.0 = Release|Any CPU
		{F70F528F-9636-42CA-B430-1762A6884C09}.Release|x64.ActiveCfg = Release|Any CPU
		{F70F528F-9636-42CA-B430-1762A6884C09}.Release|x64.Build.0 = Release|Any CPU
		{F70F528F-9636-42CA-B430-1762A6884C09}.Release|x86.ActiveCfg = Release|Any CPU
		{F70F528F-9636-42CA-B430-1762A6884C09}.Release|x86.Build.0 = Release|Any CPU
		{E0E088EE-1356-4A99-9329-430A66A4C9FB}.Debug|Any CPU.ActiveCfg = Debug|Any CPU
		{E0E088EE-1356-4A99-9329-430A66A4C9FB}.Debug|Any CPU.Build.0 = Debug|Any CPU
		{E0E088EE-1356-4A99-9329-430A66A4C9FB}.Debug|x64.ActiveCfg = Debug|Any CPU
		{E0E088EE-1356-4A99-9329-430A66A4C9FB}.Debug|x64.Build.0 = Debug|Any CPU
		{E0E088EE-1356-4A99-9329-430A66A4C9FB}.Debug|x86.ActiveCfg = Debug|Any CPU
		{E0E088EE-1356-4A99-9329-430A66A4C9FB}.Debug|x86.Build.0 = Debug|Any CPU
		{E0E088EE-1356-4A99-9329-430A66A4C9FB}.Release|Any CPU.ActiveCfg = Release|Any CPU
		{E0E088EE-1356-4A99-9329-430A66A4C9FB}.Release|Any CPU.Build.0 = Release|Any CPU
		{E0E088EE-1356-4A99-9329-430A66A4C9FB}.Release|x64.ActiveCfg = Release|Any CPU
		{E0E088EE-1356-4A99-9329-430A66A4C9FB}.Release|x64.Build.0 = Release|Any CPU
		{E0E088EE-1356-4A99-9329-430A66A4C9FB}.Release|x86.ActiveCfg = Release|Any CPU
		{E0E088EE-1356-4A99-9329-430A66A4C9FB}.Release|x86.Build.0 = Release|Any CPU
		{6853C613-B7A0-49A0-9815-F59DAF85AC95}.Debug|Any CPU.ActiveCfg = Release|x64
		{6853C613-B7A0-49A0-9815-F59DAF85AC95}.Debug|Any CPU.Build.0 = Release|x64
		{6853C613-B7A0-49A0-9815-F59DAF85AC95}.Debug|x64.ActiveCfg = Debug|x64
		{6853C613-B7A0-49A0-9815-F59DAF85AC95}.Debug|x64.Build.0 = Debug|x64
		{6853C613-B7A0-49A0-9815-F59DAF85AC95}.Debug|x86.ActiveCfg = Debug|Win32
		{6853C613-B7A0-49A0-9815-F59DAF85AC95}.Debug|x86.Build.0 = Debug|Win32
		{6853C613-B7A0-49A0-9815-F59DAF85AC95}.Release|Any CPU.ActiveCfg = Release|x64
		{6853C613-B7A0-49A0-9815-F59DAF85AC95}.Release|Any CPU.Build.0 = Release|x64
		{6853C613-B7A0-49A0-9815-F59DAF85AC95}.Release|x64.ActiveCfg = Release|x64
		{6853C613-B7A0-49A0-9815-F59DAF85AC95}.Release|x64.Build.0 = Release|x64
		{6853C613-B7A0-49A0-9815-F59DAF85AC95}.Release|x86.ActiveCfg = Release|Win32
		{6853C613-B7A0-49A0-9815-F59DAF85AC95}.Release|x86.Build.0 = Release|Win32
		{0CAE6200-3A66-419C-BF61-95BE91CC4E9F}.Debug|Any CPU.ActiveCfg = Release|x64
		{0CAE6200-3A66-419C-BF61-95BE91CC4E9F}.Debug|Any CPU.Build.0 = Release|x64
		{0CAE6200-3A66-419C-BF61-95BE91CC4E9F}.Debug|x64.ActiveCfg = Release|x64
		{0CAE6200-3A66-419C-BF61-95BE91CC4E9F}.Debug|x64.Build.0 = Release|x64
		{0CAE6200-3A66-419C-BF61-95BE91CC4E9F}.Debug|x86.ActiveCfg = Debug|Win32
		{0CAE6200-3A66-419C-BF61-95BE91CC4E9F}.Debug|x86.Build.0 = Debug|Win32
		{0CAE6200-3A66-419C-BF61-95BE91CC4E9F}.Release|Any CPU.ActiveCfg = Release|x64
		{0CAE6200-3A66-419C-BF61-95BE91CC4E9F}.Release|Any CPU.Build.0 = Release|x64
		{0CAE6200-3A66-419C-BF61-95BE91CC4E9F}.Release|x64.ActiveCfg = Release|x64
		{0CAE6200-3A66-419C-BF61-95BE91CC4E9F}.Release|x64.Build.0 = Release|x64
		{0CAE6200-3A66-419C-BF61-95BE91CC4E9F}.Release|x86.ActiveCfg = Release|Win32
		{0CAE6200-3A66-419C-BF61-95BE91CC4E9F}.Release|x86.Build.0 = Release|Win32
		{BFBE2797-273E-4E25-8322-A7EFA490F790}.Debug|Any CPU.ActiveCfg = Debug|Any CPU
		{BFBE2797-273E-4E25-8322-A7EFA490F790}.Debug|Any CPU.Build.0 = Debug|Any CPU
		{BFBE2797-273E-4E25-8322-A7EFA490F790}.Debug|x64.ActiveCfg = Debug|Any CPU
		{BFBE2797-273E-4E25-8322-A7EFA490F790}.Debug|x64.Build.0 = Debug|Any CPU
		{BFBE2797-273E-4E25-8322-A7EFA490F790}.Debug|x86.ActiveCfg = Debug|Any CPU
		{BFBE2797-273E-4E25-8322-A7EFA490F790}.Debug|x86.Build.0 = Debug|Any CPU
		{BFBE2797-273E-4E25-8322-A7EFA490F790}.Release|Any CPU.ActiveCfg = Release|Any CPU
		{BFBE2797-273E-4E25-8322-A7EFA490F790}.Release|Any CPU.Build.0 = Release|Any CPU
		{BFBE2797-273E-4E25-8322-A7EFA490F790}.Release|x64.ActiveCfg = Release|Any CPU
		{BFBE2797-273E-4E25-8322-A7EFA490F790}.Release|x64.Build.0 = Release|Any CPU
		{BFBE2797-273E-4E25-8322-A7EFA490F790}.Release|x86.ActiveCfg = Release|Any CPU
		{BFBE2797-273E-4E25-8322-A7EFA490F790}.Release|x86.Build.0 = Release|Any CPU
		{01B3BDCF-7604-4D1D-8FCF-CDBC6C66C4BC}.Debug|Any CPU.ActiveCfg = Debug|x64
		{01B3BDCF-7604-4D1D-8FCF-CDBC6C66C4BC}.Debug|Any CPU.Build.0 = Debug|x64
		{01B3BDCF-7604-4D1D-8FCF-CDBC6C66C4BC}.Debug|x64.ActiveCfg = Debug|x64
		{01B3BDCF-7604-4D1D-8FCF-CDBC6C66C4BC}.Debug|x64.Build.0 = Debug|x64
		{01B3BDCF-7604-4D1D-8FCF-CDBC6C66C4BC}.Debug|x86.ActiveCfg = Debug|Win32
		{01B3BDCF-7604-4D1D-8FCF-CDBC6C66C4BC}.Debug|x86.Build.0 = Debug|Win32
		{01B3BDCF-7604-4D1D-8FCF-CDBC6C66C4BC}.Release|Any CPU.ActiveCfg = Release|x64
		{01B3BDCF-7604-4D1D-8FCF-CDBC6C66C4BC}.Release|Any CPU.Build.0 = Release|x64
		{01B3BDCF-7604-4D1D-8FCF-CDBC6C66C4BC}.Release|x64.ActiveCfg = Release|x64
		{01B3BDCF-7604-4D1D-8FCF-CDBC6C66C4BC}.Release|x64.Build.0 = Release|x64
		{01B3BDCF-7604-4D1D-8FCF-CDBC6C66C4BC}.Release|x86.ActiveCfg = Release|Win32
		{01B3BDCF-7604-4D1D-8FCF-CDBC6C66C4BC}.Release|x86.Build.0 = Release|Win32
		{8085438F-7A9F-4C4B-AB7C-477147D70CAA}.Debug|Any CPU.ActiveCfg = Debug|Any CPU
		{8085438F-7A9F-4C4B-AB7C-477147D70CAA}.Debug|Any CPU.Build.0 = Debug|Any CPU
		{8085438F-7A9F-4C4B-AB7C-477147D70CAA}.Debug|x64.ActiveCfg = Debug|Any CPU
		{8085438F-7A9F-4C4B-AB7C-477147D70CAA}.Debug|x64.Build.0 = Debug|Any CPU
		{8085438F-7A9F-4C4B-AB7C-477147D70CAA}.Debug|x86.ActiveCfg = Debug|Any CPU
		{8085438F-7A9F-4C4B-AB7C-477147D70CAA}.Debug|x86.Build.0 = Debug|Any CPU
		{8085438F-7A9F-4C4B-AB7C-477147D70CAA}.Release|Any CPU.ActiveCfg = Release|Any CPU
		{8085438F-7A9F-4C4B-AB7C-477147D70CAA}.Release|Any CPU.Build.0 = Release|Any CPU
		{8085438F-7A9F-4C4B-AB7C-477147D70CAA}.Release|x64.ActiveCfg = Release|Any CPU
		{8085438F-7A9F-4C4B-AB7C-477147D70CAA}.Release|x64.Build.0 = Release|Any CPU
		{8085438F-7A9F-4C4B-AB7C-477147D70CAA}.Release|x86.ActiveCfg = Release|Any CPU
		{8085438F-7A9F-4C4B-AB7C-477147D70CAA}.Release|x86.Build.0 = Release|Any CPU
		{95BDC7BA-27BC-4998-9071-C6779D09E1BD}.Debug|Any CPU.ActiveCfg = Debug|Any CPU
		{95BDC7BA-27BC-4998-9071-C6779D09E1BD}.Debug|Any CPU.Build.0 = Debug|Any CPU
		{95BDC7BA-27BC-4998-9071-C6779D09E1BD}.Debug|x64.ActiveCfg = Debug|Any CPU
		{95BDC7BA-27BC-4998-9071-C6779D09E1BD}.Debug|x64.Build.0 = Debug|Any CPU
		{95BDC7BA-27BC-4998-9071-C6779D09E1BD}.Debug|x86.ActiveCfg = Debug|Any CPU
		{95BDC7BA-27BC-4998-9071-C6779D09E1BD}.Debug|x86.Build.0 = Debug|Any CPU
		{95BDC7BA-27BC-4998-9071-C6779D09E1BD}.Release|Any CPU.ActiveCfg = Release|Any CPU
		{95BDC7BA-27BC-4998-9071-C6779D09E1BD}.Release|Any CPU.Build.0 = Release|Any CPU
		{95BDC7BA-27BC-4998-9071-C6779D09E1BD}.Release|x64.ActiveCfg = Release|Any CPU
		{95BDC7BA-27BC-4998-9071-C6779D09E1BD}.Release|x64.Build.0 = Release|Any CPU
		{95BDC7BA-27BC-4998-9071-C6779D09E1BD}.Release|x86.ActiveCfg = Release|Any CPU
		{95BDC7BA-27BC-4998-9071-C6779D09E1BD}.Release|x86.Build.0 = Release|Any CPU
		{617D515F-5CFC-4CA0-9140-8BD127C61E18}.Debug|Any CPU.ActiveCfg = Debug|x64
		{617D515F-5CFC-4CA0-9140-8BD127C61E18}.Debug|Any CPU.Build.0 = Debug|x64
		{617D515F-5CFC-4CA0-9140-8BD127C61E18}.Debug|x64.ActiveCfg = Debug|x64
		{617D515F-5CFC-4CA0-9140-8BD127C61E18}.Debug|x64.Build.0 = Debug|x64
		{617D515F-5CFC-4CA0-9140-8BD127C61E18}.Debug|x86.ActiveCfg = Debug|Win32
		{617D515F-5CFC-4CA0-9140-8BD127C61E18}.Debug|x86.Build.0 = Debug|Win32
		{617D515F-5CFC-4CA0-9140-8BD127C61E18}.Release|Any CPU.ActiveCfg = Release|x64
		{617D515F-5CFC-4CA0-9140-8BD127C61E18}.Release|Any CPU.Build.0 = Release|x64
		{617D515F-5CFC-4CA0-9140-8BD127C61E18}.Release|x64.ActiveCfg = Release|x64
		{617D515F-5CFC-4CA0-9140-8BD127C61E18}.Release|x64.Build.0 = Release|x64
		{617D515F-5CFC-4CA0-9140-8BD127C61E18}.Release|x86.ActiveCfg = Release|Win32
		{617D515F-5CFC-4CA0-9140-8BD127C61E18}.Release|x86.Build.0 = Release|Win32
		{806CEEF6-0F35-46B2-9F9B-086BBCC416E5}.Debug|Any CPU.ActiveCfg = Debug|Any CPU
		{806CEEF6-0F35-46B2-9F9B-086BBCC416E5}.Debug|Any CPU.Build.0 = Debug|Any CPU
		{806CEEF6-0F35-46B2-9F9B-086BBCC416E5}.Debug|x64.ActiveCfg = Debug|Any CPU
		{806CEEF6-0F35-46B2-9F9B-086BBCC416E5}.Debug|x64.Build.0 = Debug|Any CPU
		{806CEEF6-0F35-46B2-9F9B-086BBCC416E5}.Debug|x86.ActiveCfg = Debug|Any CPU
		{806CEEF6-0F35-46B2-9F9B-086BBCC416E5}.Debug|x86.Build.0 = Debug|Any CPU
		{806CEEF6-0F35-46B2-9F9B-086BBCC416E5}.Release|Any CPU.ActiveCfg = Release|Any CPU
		{806CEEF6-0F35-46B2-9F9B-086BBCC416E5}.Release|Any CPU.Build.0 = Release|Any CPU
		{806CEEF6-0F35-46B2-9F9B-086BBCC416E5}.Release|x64.ActiveCfg = Release|Any CPU
		{806CEEF6-0F35-46B2-9F9B-086BBCC416E5}.Release|x64.Build.0 = Release|Any CPU
		{806CEEF6-0F35-46B2-9F9B-086BBCC416E5}.Release|x86.ActiveCfg = Release|Any CPU
		{806CEEF6-0F35-46B2-9F9B-086BBCC416E5}.Release|x86.Build.0 = Release|Any CPU
		{BD7675AF-9EEC-467B-988E-A6F97D39FB3E}.Debug|Any CPU.ActiveCfg = Debug|Any CPU
		{BD7675AF-9EEC-467B-988E-A6F97D39FB3E}.Debug|Any CPU.Build.0 = Debug|Any CPU
		{BD7675AF-9EEC-467B-988E-A6F97D39FB3E}.Debug|x64.ActiveCfg = Debug|Any CPU
		{BD7675AF-9EEC-467B-988E-A6F97D39FB3E}.Debug|x64.Build.0 = Debug|Any CPU
		{BD7675AF-9EEC-467B-988E-A6F97D39FB3E}.Debug|x86.ActiveCfg = Debug|Any CPU
		{BD7675AF-9EEC-467B-988E-A6F97D39FB3E}.Debug|x86.Build.0 = Debug|Any CPU
		{BD7675AF-9EEC-467B-988E-A6F97D39FB3E}.Release|Any CPU.ActiveCfg = Release|Any CPU
		{BD7675AF-9EEC-467B-988E-A6F97D39FB3E}.Release|Any CPU.Build.0 = Release|Any CPU
		{BD7675AF-9EEC-467B-988E-A6F97D39FB3E}.Release|x64.ActiveCfg = Release|Any CPU
		{BD7675AF-9EEC-467B-988E-A6F97D39FB3E}.Release|x64.Build.0 = Release|Any CPU
		{BD7675AF-9EEC-467B-988E-A6F97D39FB3E}.Release|x86.ActiveCfg = Release|Any CPU
		{BD7675AF-9EEC-467B-988E-A6F97D39FB3E}.Release|x86.Build.0 = Release|Any CPU
	EndGlobalSection
	GlobalSection(SolutionProperties) = preSolution
		HideSolutionNode = FALSE
	EndGlobalSection
	GlobalSection(ExtensibilityGlobals) = postSolution
		SolutionGuid = {3F3B87E6-6200-4F72-A10E-551CCFD672C9}
	EndGlobalSection
EndGlobal
