
Microsoft Visual Studio Solution File, Format Version 12.00
# Visual Studio Version 17
VisualStudioVersion = 17.10.35122.118
MinimumVisualStudioVersion = 10.0.40219.1
Project("{FAE04EC0-301F-11D3-BF4B-00C04F79EFBC}") = "ConsoleApp1", "ConsoleApp1\ConsoleApp1.csproj", "{D991DD40-E2C7-45B2-8A04-A2C714E448EC}"
EndProject
Global
	GlobalSection(SolutionConfigurationPlatforms) = preSolution
		Debug|Any CPU = Debug|Any CPU
		Release|Any CPU = Release|Any CPU
	EndGlobalSection
	GlobalSection(ProjectConfigurationPlatforms) = postSolution
		{D991DD40-E2C7-45B2-8A04-A2C714E448EC}.Debug|Any CPU.ActiveCfg = Debug|Any CPU
		{D991DD40-E2C7-45B2-8A04-A2C714E448EC}.Debug|Any CPU.Build.0 = Debug|Any CPU
		{D991DD40-E2C7-45B2-8A04-A2C714E448EC}.Release|Any CPU.ActiveCfg = Release|Any CPU
		{D991DD40-E2C7-45B2-8A04-A2C714E448EC}.Release|Any CPU.Build.0 = Release|Any CPU
	EndGlobalSection
	GlobalSection(SolutionProperties) = preSolution
		HideSolutionNode = FALSE
	EndGlobalSection
	GlobalSection(ExtensibilityGlobals) = postSolution
		SolutionGuid = {3F3B87E6-6200-4F72-A10E-551CCFD672C9}
	EndGlobalSection
EndGlobal
